
Microsoft Visual Studio Solution File, Format Version 12.00
# Visual Studio 15
VisualStudioVersion = 15.0.27428.2037
MinimumVisualStudioVersion = 10.0.40219.1
Project("{FAE04EC0-301F-11D3-BF4B-00C04F79EFBC}") = "RestAPIClient", "RestAPIClient\RestAPIClient.csproj", "{C56F644C-DC8A-4592-91E6-C7C401B6334C}"
EndProject
Global
	GlobalSection(SolutionConfigurationPlatforms) = preSolution
		Debug|Any CPU = Debug|Any CPU
		Release|Any CPU = Release|Any CPU
	EndGlobalSection
	GlobalSection(ProjectConfigurationPlatforms) = postSolution
		{C56F644C-DC8A-4592-91E6-C7C401B6334C}.Debug|Any CPU.ActiveCfg = Debug|Any CPU
		{C56F644C-DC8A-4592-91E6-C7C401B6334C}.Debug|Any CPU.Build.0 = Debug|Any CPU
		{C56F644C-DC8A-4592-91E6-C7C401B6334C}.Release|Any CPU.ActiveCfg = Release|Any CPU
		{C56F644C-DC8A-4592-91E6-C7C401B6334C}.Release|Any CPU.Build.0 = Release|Any CPU
	EndGlobalSection
	GlobalSection(SolutionProperties) = preSolution
		HideSolutionNode = FALSE
	EndGlobalSection
	GlobalSection(ExtensibilityGlobals) = postSolution
		SolutionGuid = {4C489711-7B4D-4A3C-BDBE-35704BF6594A}
	EndGlobalSection
EndGlobal
